
Microsoft Visual Studio Solution File, Format Version 12.00
# Visual Studio Version 17
VisualStudioVersion = 17.12.35527.113 d17.12
MinimumVisualStudioVersion = 10.0.40219.1
Project("{FAE04EC0-301F-11D3-BF4B-00C04F79EFBC}") = "FiberJobManager.Api", "..\FiberJobManager.Api\FiberJobManager.Api.csproj", "{ED85175F-95A3-4F26-9F88-9AE35AFF21DC}"
EndProject
Project("{FAE04EC0-301F-11D3-BF4B-00C04F79EFBC}") = "FiberJobManager.Desktop", "..\FiberJobManager.Desktop\FiberJobManager.Desktop\FiberJobManager.Desktop\FiberJobManager.Desktop.csproj", "{74CBE003-5248-4FDC-A755-32DE9DEA6E8D}"
	ProjectSection(ProjectDependencies) = postProject
		{ED85175F-95A3-4F26-9F88-9AE35AFF21DC} = {ED85175F-95A3-4F26-9F88-9AE35AFF21DC}
	EndProjectSection
EndProject
Global
	GlobalSection(SolutionConfigurationPlatforms) = preSolution
		Debug|Any CPU = Debug|Any CPU
		Release|Any CPU = Release|Any CPU
	EndGlobalSection
	GlobalSection(ProjectConfigurationPlatforms) = postSolution
		{ED85175F-95A3-4F26-9F88-9AE35AFF21DC}.Debug|Any CPU.ActiveCfg = Debug|Any CPU
		{ED85175F-95A3-4F26-9F88-9AE35AFF21DC}.Debug|Any CPU.Build.0 = Debug|Any CPU
		{ED85175F-95A3-4F26-9F88-9AE35AFF21DC}.Release|Any CPU.ActiveCfg = Release|Any CPU
		{ED85175F-95A3-4F26-9F88-9AE35AFF21DC}.Release|Any CPU.Build.0 = Release|Any CPU
		{74CBE003-5248-4FDC-A755-32DE9DEA6E8D}.Debug|Any CPU.ActiveCfg = Debug|Any CPU
		{74CBE003-5248-4FDC-A755-32DE9DEA6E8D}.Debug|Any CPU.Build.0 = Debug|Any CPU
		{74CBE003-5248-4FDC-A755-32DE9DEA6E8D}.Release|Any CPU.ActiveCfg = Release|Any CPU
		{74CBE003-5248-4FDC-A755-32DE9DEA6E8D}.Release|Any CPU.Build.0 = Release|Any CPU
	EndGlobalSection
	GlobalSection(SolutionProperties) = preSolution
		HideSolutionNode = FALSE
	EndGlobalSection
EndGlobal
